{
    "_meta": {
        "hash": {
            "sha256": "629300e27e3b75f3bf7fce52d7390a512ac9a43fc50d94cbc75b0bea988a2f05"
        },
        "host-environment-markers": {
            "implementation_name": "cpython",
            "implementation_version": "3.6.3",
            "os_name": "posix",
            "platform_machine": "x86_64",
            "platform_python_implementation": "CPython",
            "platform_release": "4.13.10-1-ARCH",
            "platform_system": "Linux",
            "platform_version": "#1 SMP PREEMPT Fri Oct 27 16:16:03 CEST 2017",
            "python_full_version": "3.6.3",
            "python_version": "3.6",
            "sys_platform": "linux"
        },
        "pipfile-spec": 6,
        "requires": {},
        "sources": [
            {
                "name": "pypi",
                "url": "https://pypi.python.org/simple",
                "verify_ssl": true
            }
        ]
    },
    "default": {
        "asn1crypto": {
            "hashes": [
                "sha256:654b7db3b120e23474e9a1e5e38d268c77e58a9e17d2cb595456c37309846494",
                "sha256:0874981329cfebb366d6584c3d16e913f2a0eb026c9463efcc4aaf42a9d94d70"
            ],
            "version": "==0.23.0"
        },
        "certifi": {
            "hashes": [
                "sha256:54a07c09c586b0e4c619f02a5e94e36619da8e2b053e20f594348c0611803704",
                "sha256:40523d2efb60523e113b44602298f0960e900388cf3bb6043f645cf57ea9e3f5"
            ],
            "version": "==2017.7.27.1"
        },
        "cffi": {
            "hashes": [
                "sha256:2c707e97ad7b0417713543be7cb87315c015bb5dd97903480168d60ebe3e313e",
                "sha256:6d8c7e20eb90be9e1ccce8e8dd4ee5163b37289fc5708f9eeafc00adc07ba891",
                "sha256:627298d788edcb317b6a01347428501e773f5e8f2988407231c07e50e3f6c1cf",
                "sha256:bdd28cf8302eeca1b4c70ec727de384d4f6ea640b0e698934fd9b4c3bc88eeb1",
                "sha256:248198cb714fe09f5c60b6acba3675d52199c6142641536796cdf89dd45e5590",
                "sha256:c962cb68987cbfb70b034f153bfa467c615c0b55305d39b3237c4bdbdbc8b0f4",
                "sha256:401ba2f6c1f1672b6c38670e1c00fa5f84f841edd30c32742dab5c7151cd89bf",
                "sha256:1c103c0ee8235c47c4892288b2287014f33e7cb24b9d4a665be3aa744377dcb9",
                "sha256:d7461ef8671ae40f991384bbc4a6b1b79f4e7175d8052584be44041996f46517",
                "sha256:3ac9be5763238da1d6fa467c43e3f86472626837a478588c94165df09e62e120",
                "sha256:d54a7c37f954fdbb971873c935a77ddc33690cec9b7ac254d9f948c43c32fa83",
                "sha256:4d9bf1b23896bcd4d042e823f50ad36fb6d8e1e645a3dfb2fe2f070851489b92",
                "sha256:61cf049b1c649d8eec360a1a1d09a61c37b9b2d542364506e8feb4afd232363d",
                "sha256:ce3da410ae2ab8709565cc3b18fbe9a0eb96ea7b2189416098c48d839ecced84",
                "sha256:e72d8b5056f967ecb57e166537408bc913f2f97dc568027fb6342fcfa9f81d64",
                "sha256:11a8ba88ef6ae89110ef029dae7f1a293365e50bdd0c6ca973beed80cec95ae4",
                "sha256:974f69112721ba2e8a6acd0f6b68a5e11432710a3eca4e4e6f4d7aaf99214ed1",
                "sha256:062c66dabc3faf8e0db1ca09a6b8e308846e5d35f43bed1a68c492b0d96ac171",
                "sha256:03a9b9efc280dbe6be149a7fa689f59a822df009eee633fdaf55a6f38795861f",
                "sha256:8b3d6dc9981cedfb1ddcd4600ec0c7f5ac2c6ad2dc482011c7eecb4ae9c819e0",
                "sha256:09b7d195d163b515ef7c2b2e26a689c9816c83d5319cceac6c36ffdab97ab048",
                "sha256:943b94667749d1cfcd964e215a20b9c891deae913202ee8eacaf2b94164b155f",
                "sha256:89829f5cfbcb5ad568a3d61bd23a8e33ad69b488d8f6a385e0097a4c20742a9b",
                "sha256:ba78da7c940b041cdbb5aaff5afe11e8a8f25fe19564c12eefea5c5bd86930ca",
                "sha256:a79b15b9bb4726672865cf5b0f63dee4835974a2b11b49652d70d49003f5d1f4",
                "sha256:f6799913eb510b682de971ddef062bbb4a200f190e55cae81c413bc1fd4733c1",
                "sha256:e7f5ad6b12f21b77d3a37d5c67260e464f4e9068eb0c0622f61d0e30390b31b6",
                "sha256:5f96c92d5f5713ccb71e76dfa14cf819c59ecb9778e94bcb541e13e6d96d1ce5",
                "sha256:5357b465e3d6b98972b7810f9969c913d365e75b09b7ba813f5f0577fe1ac9f4",
                "sha256:75e1de9ba7c155d89bcf67d149b1c741df553c8158536e8d27e63167403159af",
                "sha256:ab87dd91c0c4073758d07334c1e5f712ce8fe48f007b86f8238773963ee700a6"
            ],
            "markers": "platform_python_implementation != 'PyPy'",
            "version": "==1.11.2"
        },
        "chardet": {
            "hashes": [
                "sha256:fc323ffcaeaed0e0a02bf4d117757b98aed530d9ed4531e3e15460124c106691",
                "sha256:84ab92ed1c4d4f16916e05906b6b75a6c0fb5db821cc65e70cbd64a3e2a5eaae"
            ],
            "version": "==3.0.4"
        },
        "class-registry": {
            "hashes": [
                "sha256:12d28642d89bc4f823369b36ad337988e9a423230e8bb3b6e43e50c5f5c0a031",
                "sha256:97a116a6e448e183d14d6fe82b5797b824dff9d10fdf3adf16936286f737597a"
            ],
            "version": "==2.1.0"
        },
        "cryptography": {
            "hashes": [
                "sha256:7b538467f155e9a758bf6b1e8baea109dd886ee89e6b479509cef8a56bd27b09",
                "sha256:67cb5979526fec6cf74083b0218a697e1229436a873d50cfe6a20626820841d6",
                "sha256:706b64b39315ecb07f94dbd8cd3532e1d4512158581e075271d462ed10941242",
                "sha256:78f4178f169728761e7c1a116e13fc0fb557437294705822aa5efe000fbd37e5",
                "sha256:72901278962b60ba2007bddb069ceab6265a43a88d5ce3986d9f60c35ed6bcc1",
                "sha256:e8030c922627affa6be03cd6b892bcda6ac425c18abe14f854c54bacf7b38076",
                "sha256:98b2a8e98e8b62601c142441833d7b2af7390007ab0274d475d353246ed29d0d",
                "sha256:bd872a01bd96b44369fac7f141c87851a17312cc20055568dabac89008de8ad6",
                "sha256:b55dff1981f88aa10138a6a416862b82d10d70e171a8c3c05ee97d29d039ee35",
                "sha256:ef63b62121cbf1564328954b80e8ff1cc5034493b946da23c68d7ef26f60a679",
                "sha256:6dd3b90cc46fbc720905449d152adca1f64e828c5df362403c04a387036d025e",
                "sha256:fa3827a7541d86956910d8352a9e1ac615d30f0b1693c894195e87c95b79f9c6",
                "sha256:525b857e9e3e56fc37168d06c3710fc48b41f2487c6007109ba839a55c49768f",
                "sha256:542f1b7dae143e17cd5618b08ddaf7d62f9885895602f02674d9269f3c0737d1",
                "sha256:04adc77dc49b3716a5336dad307bfb6773e541883ef1a20cd6902e2f1c1cb46d",
                "sha256:f5a2ceb2b60b291f1638780c1ee6c765d3dd89845f940cec39e86c18bfd5ad1c",
                "sha256:81eb1292db18d764bc0168720900388622ab4823f9b8daf6fb784a0675c1e195",
                "sha256:9261de9e2297d5faae82360795f1b4ee69f5544a49b0dbda522368f01882538b",
                "sha256:02ccbb6564d89595a846a0710cae4b3598585fe9cbf35215c12b6ccbf8bd19ae",
                "sha256:d42e62423364b35b4532c5683f2c28e6082fa5bd9ca38c2145697e83c3b4a8b1",
                "sha256:2e2003cc0051244ebebc21d59e517adcc435122d7b89600d69072761ba02e6c4",
                "sha256:b2eeb56a9773f2c59b5531551f071a4f155bd3109133de1d1b5fb13a6b574421",
                "sha256:d7f348e4f5df146a0e75998544bab6d42313cf19a81a6e49990ab7b27cc9c73b"
            ],
            "version": "==2.1.2"
        },
        "filters": {
            "hashes": [
                "sha256:248150dfd768f9211f4c897696f3f4c370697e0f19b9c1f85577a27495b18496",
                "sha256:b74fad6a7885f1380dd12fde0f849e8c5e459919ce314f76c2352064c7a30796"
            ],
            "version": "==1.3.2"
        },
        "idna": {
            "hashes": [
                "sha256:8c7309c718f94b3a625cb648ace320157ad16ff131ae0af362c9f21b80ef6ec4",
                "sha256:2c6a5de3089009e3da7c5dde64a141dbc8551d5b7f6cf4ed7c2568d0cc520a8f"
            ],
            "version": "==2.6"
        },
        "pycparser": {
            "hashes": [
                "sha256:99a8ca03e29851d96616ad0404b4aad7d9ee16f25c9f9708a11faf2810f7b226"
            ],
            "version": "==2.18"
        },
        "pyopenssl": {
            "hashes": [
                "sha256:aade9985b93eaec51b0c0a2a60d14bb8dcff1ff8e36fe542e3c22812ec07315e",
                "sha256:29630b9064a82e04d8242ea01d7c93d70ec320f5e3ed48e95fcabc6b1d0f6c76"
            ],
            "version": "==17.3.0"
        },
        "pyota": {
            "hashes": [
                "sha256:b50c18e235cc8260ca22d4d36c9cd2f2f575e9fecab40e38af8bd75a807e3d3e",
                "sha256:d9fb56ed9cc2c63543fd391ebd4eaaf6e2b3234050befbbb200571f949b28b7c"
            ],
            "version": "==2.0.1"
        },
        "pysha3": {
            "hashes": [
                "sha256:6e6a84efb7856f5d760ee55cd2b446972cb7b835676065f6c4f694913ea8f8d9",
                "sha256:f9046d59b3e72aa84f6dae83a040bd1184ebd7fef4e822d38186a8158c89e3cf",
                "sha256:68c3a60a39f9179b263d29e221c1bd6e01353178b14323c39cc70593c30f21c5",
                "sha256:59111c08b8f34495575d12e5f2ce3bafb98bea470bc81e70c8b6df99aef0dd2f",
                "sha256:9fdd28884c5d0b4edfed269b12badfa07f1c89dbc5c9c66dd279833894a9896b",
                "sha256:41be70b06c8775a9e4d4eeb52f2f6a3f356f17539a54eac61f43a29e42fd453d",
                "sha256:571a246308a7b63f15f5aa9651f99cf30f2a6acba18eddf28f1510935968b603",
                "sha256:93abd775dac570cb9951c4e423bcb2bc6303a9d1dc0dc2b7afa2dd401d195b24",
                "sha256:11a2ba7a2e1d9669d0052fc8fb30f5661caed5512586ecbeeaf6bf9478ab5c48",
                "sha256:5ec8da7c5c70a53b5fa99094af3ba8d343955b212bc346a0d25f6ff75853999f",
                "sha256:9c778fa8b161dc9348dc5cc361e94d54aa5ff18413788f4641f6600d4893a608",
                "sha256:fd7e66999060d079e9c0e8893e78d8017dad4f59721f6fe0be6307cd32127a07",
                "sha256:827b308dc025efe9b6b7bae36c2e09ed0118a81f792d888548188e97b9bf9a3d",
                "sha256:4416f16b0f1605c25f627966f76873e432971824778b369bd9ce1bb63d6566d9",
                "sha256:c93a2676e6588abcfaecb73eb14485c81c63b94fca2000a811a7b4fb5937b8e8",
                "sha256:684cb01d87ed6ff466c135f1c83e7e4042d0fc668fa20619f581e6add1d38d77",
                "sha256:386998ee83e313b6911327174e088021f9f2061cbfa1651b97629b761e9ef5c4",
                "sha256:c7c2adcc43836223680ebdf91f1d3373543dc32747c182c8ca2e02d1b69ce030",
                "sha256:cd5c961b603bd2e6c2b5ef9976f3238a561c58569945d4165efb9b9383b050ef",
                "sha256:0060a66be16665d90c432f55a0ba1f6480590cfb7d2ad389e688a399183474f0",
                "sha256:fe988e73f2ce6d947220624f04d467faf05f1bbdbc64b0a201296bb3af92739e"
            ],
            "version": "==1.0.2"
        },
        "python-dateutil": {
            "hashes": [
                "sha256:95511bae634d69bc7329ba55e646499a842bc4ec342ad54a8cdb65645a0aad3c",
                "sha256:891c38b2a02f5bb1be3e4793866c8df49c7d19baabf9c1bad62547e0b4866aca"
            ],
            "version": "==2.6.1"
        },
        "python-rocksdb-iota": {
            "hashes": [
                "sha256:d3834a4dd0cf0bd6e06beb8be2cd2a1c83e8764266da6f1d3232ff3b75e077de"
            ],
            "version": "==0.7.2"
        },
        "pytz": {
            "hashes": [
                "sha256:80af0f3008046b9975242012a985f04c5df1f01eed4ec1633d56cc47a75a6a48",
                "sha256:feb2365914948b8620347784b6b6da356f31c9d03560259070b2f30cff3d469d",
                "sha256:59707844a9825589878236ff2f4e0dc9958511b7ffaae94dc615da07d4a68d33",
                "sha256:d0ef5ef55ed3d37854320d4926b04a4cb42a2e88f71da9ddfdacfde8e364f027",
                "sha256:c41c62827ce9cafacd6f2f7018e4f83a6f1986e87bfd000b8cfbd4ab5da95f1a",
                "sha256:8cc90340159b5d7ced6f2ba77694d946fc975b09f1a51d93f3ce3bb399396f94",
                "sha256:dd2e4ca6ce3785c8dd342d1853dd9052b19290d5bf66060846e5dc6b8d6667f7",
                "sha256:699d18a2a56f19ee5698ab1123bbcc1d269d061996aeb1eda6d89248d3542b82",
                "sha256:fae4cffc040921b8a2d60c6cf0b5d662c1190fe54d718271db4eb17d44a185b7"
            ],
            "version": "==2017.3"
        },
        "regex": {
            "hashes": [
                "sha256:2f66aae1f85316ea11121e114005737138262213e39bee55cbba270344b7d6b6",
                "sha256:633a74730f774b995dad327cc6ff4c88c6f3a723e41c74cd85e2e062c67c3c10",
                "sha256:c8959faa9f4faef9b143ef65c12f767ece412c25336727d65ffde579ffc0e75f",
                "sha256:644a9e82a39cb3a8694fe907a589d3438d90abb937378e54db032c26061a76cb",
                "sha256:4495d2c707c31033dc7add6374b838d33ef189e7106de764b9d0c05e80cccd29",
                "sha256:38f255d20be5f1be6f436ac551600ae64e457fc8c4b0702d9e0361c2e81ba6cb",
                "sha256:43a6e5b91d3d2f9eb58710514b67209173983c44b506b83bb517f3a81365c798",
                "sha256:2063d31c28e0615bdd9b826b774fde9bf9ee653a61c868229eab6719cca1d063",
                "sha256:b95ae9b1c893e4187a57c5055bf3dc441a16097183a8bea5fcd052ebe6382293",
                "sha256:0570f49c0adbc8b3c7884af6ead0d702cb1fde15e2c1f5d577c8fbb7d9971e30",
                "sha256:7e2fb5b65a4b30571acf8e9f42fb83eecaa53a5ccbfab4d361bbdcb4de6ef30c",
                "sha256:9b7a3be54e5bef338eb6e1d8f90618a8cbc9955399aaf0354d2c5e1cfb4de8e9",
                "sha256:10eee551447686d77f8c8e0346ff9d893c9af594bb7ec3a2dcd904ef35f4e998",
                "sha256:e70d7334d22581a9d19979bbd998314affacb678da0617b1ca936203005d00cd",
                "sha256:5632e3806e5962cb257d59c61290b31e5efe14d8eb356e85d70cc601f255e95a",
                "sha256:0b8a7a609f8db94f047fed41d6cc4423620e4f2481f54973309d7d01c64766ef",
                "sha256:d273e439348ce266ff26d9552660323ac0a8609d6c8b29f68ab85143e81391a8",
                "sha256:98bf6f091b4f6b09cd302003c1ec06d9662122b456586e51bb8812eeceb5abd9",
                "sha256:80166c9e21c0171c7b502035f3ba25f43b5122def387ca6ba9706b6892fed7aa"
            ],
            "version": "==2017.9.23"
        },
        "requests": {
            "hashes": [
                "sha256:6a1b267aa90cac58ac3a765d067950e7dbbf75b1da07e895d1f594193a40a38b",
                "sha256:9c443e7324ba5b85070c4a818ade28bfabedf16ea10206da1132edaa6dda237e"
            ],
            "version": "==2.18.4"
        },
        "six": {
            "hashes": [
                "sha256:832dc0e10feb1aa2c68dcc57dbb658f1c7e65b9b61af69048abc87a2db00a0eb",
                "sha256:70e8a77beed4562e7f14fe23a786b54f6296e34344c23bc42f07b15018ff98e9"
            ],
            "version": "==1.11.0"
        },
        "urllib3": {
            "hashes": [
                "sha256:06330f386d6e4b195fbfc736b297f58c5a892e4440e54d294d7004e3a9bbea1b",
                "sha256:cc44da8e1145637334317feebd728bd869a35285b93cbb4cca2577da7e62db4f"
            ],
            "version": "==1.22"
        }
    },
    "develop": {}
}
